
Microsoft Visual Studio Solution File, Format Version 12.00
# Visual Studio Version 16
VisualStudioVersion = 16.0.29509.3
MinimumVisualStudioVersion = 10.0.40219.1
Project("{9A19103F-16F7-4668-BE54-9A1E7A4F7556}") = "PizzaMvcUI", "PizzaMvcUI\PizzaMvcUI.csproj", "{FC7A62D8-6527-4F43-A9D3-0124E0A9E2A4}"
EndProject
Project("{9A19103F-16F7-4668-BE54-9A1E7A4F7556}") = "PizzaData", "PizzaData\PizzaData.csproj", "{CC357BC0-0C38-4922-93B2-66458C80281B}"
EndProject
Project("{FAE04EC0-301F-11D3-BF4B-00C04F79EFBC}") = "PizzaMVCTest", "PizzaMVCTest\PizzaMVCTest.csproj", "{6E26EEB1-8FA7-41FF-860B-803006BC28E5}"
EndProject
Global
	GlobalSection(SolutionConfigurationPlatforms) = preSolution
		Debug|Any CPU = Debug|Any CPU
		Release|Any CPU = Release|Any CPU
	EndGlobalSection
	GlobalSection(ProjectConfigurationPlatforms) = postSolution
		{FC7A62D8-6527-4F43-A9D3-0124E0A9E2A4}.Debug|Any CPU.ActiveCfg = Debug|Any CPU
		{FC7A62D8-6527-4F43-A9D3-0124E0A9E2A4}.Debug|Any CPU.Build.0 = Debug|Any CPU
		{FC7A62D8-6527-4F43-A9D3-0124E0A9E2A4}.Release|Any CPU.ActiveCfg = Release|Any CPU
		{FC7A62D8-6527-4F43-A9D3-0124E0A9E2A4}.Release|Any CPU.Build.0 = Release|Any CPU
		{CC357BC0-0C38-4922-93B2-66458C80281B}.Debug|Any CPU.ActiveCfg = Debug|Any CPU
		{CC357BC0-0C38-4922-93B2-66458C80281B}.Debug|Any CPU.Build.0 = Debug|Any CPU
		{CC357BC0-0C38-4922-93B2-66458C80281B}.Release|Any CPU.ActiveCfg = Release|Any CPU
		{CC357BC0-0C38-4922-93B2-66458C80281B}.Release|Any CPU.Build.0 = Release|Any CPU
		{6E26EEB1-8FA7-41FF-860B-803006BC28E5}.Debug|Any CPU.ActiveCfg = Debug|Any CPU
		{6E26EEB1-8FA7-41FF-860B-803006BC28E5}.Debug|Any CPU.Build.0 = Debug|Any CPU
		{6E26EEB1-8FA7-41FF-860B-803006BC28E5}.Release|Any CPU.ActiveCfg = Release|Any CPU
		{6E26EEB1-8FA7-41FF-860B-803006BC28E5}.Release|Any CPU.Build.0 = Release|Any CPU
	EndGlobalSection
	GlobalSection(SolutionProperties) = preSolution
		HideSolutionNode = FALSE
	EndGlobalSection
	GlobalSection(ExtensibilityGlobals) = postSolution
		SolutionGuid = {812BD4B9-5D50-4353-8E3C-3A5BE02FDB1A}
	EndGlobalSection
EndGlobal
